{
  "object": {
    "pins": [
      {
        "package": "Cuckoo",
        "repositoryURL": "https://github.com/Brightify/Cuckoo",
        "state": {
          "branch": "1.6.0",
          "revision": "fe7b56381ccc81629e78b56493d774432fde9c49",
          "version": null
        }
      },
      {
        "package": "OHHTTPStubs",
        "repositoryURL": "https://github.com/AliSoftware/OHHTTPStubs",
        "state": {
          "branch": "9.1.0",
          "revision": "12f19662426d0434d6c330c6974d53e2eb10ecd9",
          "version": null
        }
      }
    ]
  },
  "version": 1
}
